%{"chronos": {:hex, :chronos, "0.3.8"},
  "cowboy": {:hex, :cowboy, "1.0.0"},
  "cowlib": {:hex, :cowlib, "1.0.1"},
  "gen_smtp": {:git, "git://github.com/vagabond/gen_smtp.git", "0d82ab84ace04630dbe96a7e4c7a8957255a4321", []},
  "hermes": {:git, "git://github.com/nurugger07/hermes.git", "f1a2463a7acc4aec1213d2548d6a69975e313a07", []},
  "iconv": {:git, "git://github.com/antp/erlang-iconv.git", "7ad5ebff53a75bb3d4ffa6957e20c966c6032949", []},
  "mailer": {:git, "git://github.com/antp/mailer.git", "1499dac3ba221cb649d4f9f68733607ffca51163", []},
  "mailman": {:git, "git://github.com/kamilc/mailman.git", "303e6d19130b16486454f4abb709955126011671", []},
  "phoenix": {:hex, :phoenix, "0.8.0"},
  "plug": {:hex, :plug, "0.9.0"},
  "poison": {:hex, :poison, "1.3.0"},
  "ranch": {:hex, :ranch, "1.0.0"},
  "timex": {:git, "git://github.com/bitwalker/timex.git", "3bad75ee2c77a7f7cf9386d7217ac11fa58aed06", []}}
